version = 1
revision = 3
requires-python = "==3.13.*"

[[package]]
name = "certifi"
version = "2025.8.3"
source = { registry = "https://pypi.org/simple" }
sdist = { url = "https://files.pythonhosted.org/packages/dc/67/960ebe6bf230a96cda2e0abcf73af550ec4f090005363542f0765df162e0/certifi-2025.8.3.tar.gz", hash = "sha256:e564105f78ded564e3ae7c923924435e1daa7463faeab5bb932bc53ffae63407", size = 162386, upload-time = "2025-08-03T03:07:47.08Z" }
wheels = [
    { url = "https://files.pythonhosted.org/packages/e5/48/1549795ba7742c948d2ad169c1c8cdbae65bc450d6cd753d124b17c8cd32/certifi-2025.8.3-py3-none-any.whl", hash = "sha256:f6c12493cfb1b06ba2ff328595af9350c65d6644968e5d3a2ffd78699af217a5", size = 161216, upload-time = "2025-08-03T03:07:45.777Z" },
]

[[package]]
name = "cffi"
version = "1.17.1"
source = { registry = "https://pypi.org/simple" }
dependencies = [
    { name = "pycparser" },
]
sdist = { url = "https://files.pythonhosted.org/packages/fc/97/c783634659c2920c3fc70419e3af40972dbaf758daa229a7d6ea6135c90d/cffi-1.17.1.tar.gz", hash = "sha256:1c39c6016c32bc48dd54561950ebd6836e1670f2ae46128f67cf49e789c52824", size = 516621, upload-time = "2024-09-04T20:45:21.852Z" }
wheels = [
    { url = "https://files.pythonhosted.org/packages/8d/f8/dd6c246b148639254dad4d6803eb6a54e8c85c6e11ec9df2cffa87571dbe/cffi-1.17.1-cp313-cp313-macosx_10_13_x86_64.whl", hash = "sha256:f3a2b4222ce6b60e2e8b337bb9596923045681d71e5a082783484d845390938e", size = 182989, upload-time = "2024-09-04T20:44:28.956Z" },
    { url = "https://files.pythonhosted.org/packages/8b/f1/672d303ddf17c24fc83afd712316fda78dc6fce1cd53011b839483e1ecc8/cffi-1.17.1-cp313-cp313-macosx_11_0_arm64.whl", hash = "sha256:0984a4925a435b1da406122d4d7968dd861c1385afe3b45ba82b750f229811e2", size = 178802, upload-time = "2024-09-04T20:44:30.289Z" },
    { url = "https://files.pythonhosted.org/packages/0e/2d/eab2e858a91fdff70533cab61dcff4a1f55ec60425832ddfdc9cd36bc8af/cffi-1.17.1-cp313-cp313-manylinux_2_12_i686.manylinux2010_i686.manylinux_2_17_i686.manylinux2014_i686.whl", hash = "sha256:d01b12eeeb4427d3110de311e1774046ad344f5b1a7403101878976ecd7a10f3", size = 454792, upload-time = "2024-09-04T20:44:32.01Z" },
    { url = "https://files.pythonhosted.org/packages/75/b2/fbaec7c4455c604e29388d55599b99ebcc250a60050610fadde58932b7ee/cffi-1.17.1-cp313-cp313-manylinux_2_17_aarch64.manylinux2014_aarch64.whl", hash = "sha256:706510fe141c86a69c8ddc029c7910003a17353970cff3b904ff0686a5927683", size = 478893, upload-time = "2024-09-04T20:44:33.606Z" },
    { url = "https://files.pythonhosted.org/packages/4f/b7/6e4a2162178bf1935c336d4da8a9352cccab4d3a5d7914065490f08c0690/cffi-1.17.1-cp313-cp313-manylinux_2_17_ppc64le.manylinux2014_ppc64le.whl", hash = "sha256:de55b766c7aa2e2a3092c51e0483d700341182f08e67c63630d5b6f200bb28e5", size = 485810, upload-time = "2024-09-04T20:44:35.191Z" },
    { url = "https://files.pythonhosted.org/packages/c7/8a/1d0e4a9c26e54746dc08c2c6c037889124d4f59dffd853a659fa545f1b40/cffi-1.17.1-cp313-cp313-manylinux_2_17_s390x.manylinux2014_s390x.whl", hash = "sha256:c59d6e989d07460165cc5ad3c61f9fd8f1b4796eacbd81cee78957842b834af4", size = 471200, upload-time = "2024-09-04T20:44:36.743Z" },
    { url = "https://files.pythonhosted.org/packages/26/9f/1aab65a6c0db35f43c4d1b4f580e8df53914310afc10ae0397d29d697af4/cffi-1.17.1-cp313-cp313-manylinux_2_17_x86_64.manylinux2014_x86_64.whl", hash = "sha256:dd398dbc6773384a17fe0d3e7eeb8d1a21c2200473ee6806bb5e6a8e62bb73dd", size = 479447, upload-time = "2024-09-04T20:44:38.492Z" },
    { url = "https://files.pythonhosted.org/packages/5f/e4/fb8b3dd8dc0e98edf1135ff067ae070bb32ef9d509d6cb0f538cd6f7483f/cffi-1.17.1-cp313-cp313-musllinux_1_1_aarch64.whl", hash = "sha256:3edc8d958eb099c634dace3c7e16560ae474aa3803a5df240542b305d14e14ed", size = 484358, upload-time = "2024-09-04T20:44:40.046Z" },
    { url = "https://files.pythonhosted.org/packages/f1/47/d7145bf2dc04684935d57d67dff9d6d795b2ba2796806bb109864be3a151/cffi-1.17.1-cp313-cp313-musllinux_1_1_x86_64.whl", hash = "sha256:72e72408cad3d5419375fc87d289076ee319835bdfa2caad331e377589aebba9", size = 488469, upload-time = "2024-09-04T20:44:41.616Z" },
    { url = "https://files.pythonhosted.org/packages/bf/ee/f94057fa6426481d663b88637a9a10e859e492c73d0384514a17d78ee205/cffi-1.17.1-cp313-cp313-win32.whl", hash = "sha256:e03eab0a8677fa80d646b5ddece1cbeaf556c313dcfac435ba11f107ba117b5d", size = 172475, upload-time = "2024-09-04T20:44:43.733Z" },
    { url = "https://files.pythonhosted.org/packages/7c/fc/6a8cb64e5f0324877d503c854da15d76c1e50eb722e320b15345c4d0c6de/cffi-1.17.1-cp313-cp313-win_amd64.whl", hash = "sha256:f6a16c31041f09ead72d69f583767292f750d24913dadacf5756b966aacb3f1a", size = 182009, upload-time = "2024-09-04T20:44:45.309Z" },
]

[[package]]
name = "charset-normalizer"
version = "3.4.3"
source = { registry = "https://pypi.org/simple" }
sdist = { url = "https://files.pythonhosted.org/packages/83/2d/5fd176ceb9b2fc619e63405525573493ca23441330fcdaee6bef9460e924/charset_normalizer-3.4.3.tar.gz", hash = "sha256:6fce4b8500244f6fcb71465d4a4930d132ba9ab8e71a7859e6a5d59851068d14", size = 122371, upload-time = "2025-08-09T07:57:28.46Z" }
wheels = [
    { url = "https://files.pythonhosted.org/packages/65/ca/2135ac97709b400c7654b4b764daf5c5567c2da45a30cdd20f9eefe2d658/charset_normalizer-3.4.3-cp313-cp313-macosx_10_13_universal2.whl", hash = "sha256:14c2a87c65b351109f6abfc424cab3927b3bdece6f706e4d12faaf3d52ee5efe", size = 205326, upload-time = "2025-08-09T07:56:24.721Z" },
    { url = "https://files.pythonhosted.org/packages/71/11/98a04c3c97dd34e49c7d247083af03645ca3730809a5509443f3c37f7c99/charset_normalizer-3.4.3-cp313-cp313-manylinux2014_aarch64.manylinux_2_17_aarch64.manylinux_2_28_aarch64.whl", hash = "sha256:41d1fc408ff5fdfb910200ec0e74abc40387bccb3252f3f27c0676731df2b2c8", size = 146008, upload-time = "2025-08-09T07:56:26.004Z" },
    { url = "https://files.pythonhosted.org/packages/60/f5/4659a4cb3c4ec146bec80c32d8bb16033752574c20b1252ee842a95d1a1e/charset_normalizer-3.4.3-cp313-cp313-manylinux2014_ppc64le.manylinux_2_17_ppc64le.manylinux_2_28_ppc64le.whl", hash = "sha256:1bb60174149316da1c35fa5233681f7c0f9f514509b8e399ab70fea5f17e45c9", size = 159196, upload-time = "2025-08-09T07:56:27.25Z" },
    { url = "https://files.pythonhosted.org/packages/86/9e/f552f7a00611f168b9a5865a1414179b2c6de8235a4fa40189f6f79a1753/charset_normalizer-3.4.3-cp313-cp313-manylinux2014_s390x.manylinux_2_17_s390x.manylinux_2_28_s390x.whl", hash = "sha256:30d006f98569de3459c2fc1f2acde170b7b2bd265dc1943e87e1a4efe1b67c31", size = 156819, upload-time = "2025-08-09T07:56:28.515Z" },
    { url = "https://files.pythonhosted.org/packages/7e/95/42aa2156235cbc8fa61208aded06ef46111c4d3f0de233107b3f38631803/charset_normalizer-3.4.3-cp313-cp313-manylinux2014_x86_64.manylinux_2_17_x86_64.manylinux_2_28_x86_64.whl", hash = "sha256:416175faf02e4b0810f1f38bcb54682878a4af94059a1cd63b8747244420801f", size = 151350, upload-time = "2025-08-09T07:56:29.716Z" },
    { url = "https://files.pythonhosted.org/packages/c2/a9/3865b02c56f300a6f94fc631ef54f0a8a29da74fb45a773dfd3dcd380af7/charset_normalizer-3.4.3-cp313-cp313-musllinux_1_2_aarch64.whl", hash = "sha256:6aab0f181c486f973bc7262a97f5aca3ee7e1437011ef0c2ec04b5a11d16c927", size = 148644, upload-time = "2025-08-09T07:56:30.984Z" },
    { url = "https://files.pythonhosted.org/packages/77/d9/cbcf1a2a5c7d7856f11e7ac2d782aec12bdfea60d104e60e0aa1c97849dc/charset_normalizer-3.4.3-cp313-cp313-musllinux_1_2_ppc64le.whl", hash = "sha256:fdabf8315679312cfa71302f9bd509ded4f2f263fb5b765cf1433b39106c3cc9", size = 160468, upload-time = "2025-08-09T07:56:32.252Z" },
    { url = "https://files.pythonhosted.org/packages/f6/42/6f45efee8697b89fda4d50580f292b8f7f9306cb2971d4b53f8914e4d890/charset_normalizer-3.4.3-cp313-cp313-musllinux_1_2_s390x.whl", hash = "sha256:bd28b817ea8c70215401f657edef3a8aa83c29d447fb0b622c35403780ba11d5", size = 158187, upload-time = "2025-08-09T07:56:33.481Z" },
    { url = "https://files.pythonhosted.org/packages/70/99/f1c3bdcfaa9c45b3ce96f70b14f070411366fa19549c1d4832c935d8e2c3/charset_normalizer-3.4.3-cp313-cp313-musllinux_1_2_x86_64.whl", hash = "sha256:18343b2d246dc6761a249ba1fb13f9ee9a2bcd95decc767319506056ea4ad4dc", size = 152699, upload-time = "2025-08-09T07:56:34.739Z" },
    { url = "https://files.pythonhosted.org/packages/a3/ad/b0081f2f99a4b194bcbb1934ef3b12aa4d9702ced80a37026b7607c72e58/charset_normalizer-3.4.3-cp313-cp313-win32.whl", hash = "sha256:6fb70de56f1859a3f71261cbe41005f56a7842cc348d3aeb26237560bfa5e0ce", size = 99580, upload-time = "2025-08-09T07:56:35.981Z" },
    { url = "https://files.pythonhosted.org/packages/9a/8f/ae790790c7b64f925e5c953b924aaa42a243fb778fed9e41f147b2a5715a/charset_normalizer-3.4.3-cp313-cp313-win_amd64.whl", hash = "sha256:cf1ebb7d78e1ad8ec2a8c4732c7be2e736f6e5123a4146c5b89c9d1f585f8cef", size = 107366, upload-time = "2025-08-09T07:56:37.339Z" },
    { url = "https://files.pythonhosted.org/packages/8a/1f/f041989e93b001bc4e44bb1669ccdcf54d3f00e628229a85b08d330615c5/charset_normalizer-3.4.3-py3-none-any.whl", hash = "sha256:ce571ab16d890d23b5c278547ba694193a45011ff86a9162a71307ed9f86759a", size = 53175, upload-time = "2025-08-09T07:57:26.864Z" },
]

[[package]]
name = "click"
version = "8.2.1"
source = { registry = "https://pypi.org/simple" }
dependencies = [
    { name = "colorama", marker = "sys_platform == 'win32'" },
]
sdist = { url = "https://files.pythonhosted.org/packages/60/6c/8ca2efa64cf75a977a0d7fac081354553ebe483345c734fb6b6515d96bbc/click-8.2.1.tar.gz", hash = "sha256:27c491cc05d968d271d5a1db13e3b5a184636d9d930f148c50b038f0d0646202", size = 286342, upload-time = "2025-05-20T23:19:49.832Z" }
wheels = [
    { url = "https://files.pythonhosted.org/packages/85/32/10bb5764d90a8eee674e9dc6f4db6a0ab47c8c4d0d83c27f7c39ac415a4d/click-8.2.1-py3-none-any.whl", hash = "sha256:61a3265b914e850b85317d0b3109c7f8cd35a670f963866005d6ef1d5175a12b", size = 102215, upload-time = "2025-05-20T23:19:47.796Z" },
]

[[package]]
name = "colorama"
version = "0.4.6"
source = { registry = "https://pypi.org/simple" }
sdist = { url = "https://files.pythonhosted.org/packages/d8/53/6f443c9a4a8358a93a6792e2acffb9d9d5cb0a5cfd8802644b7b1c9a02e4/colorama-0.4.6.tar.gz", hash = "sha256:08695f5cb7ed6e0531a20572697297273c47b8cae5a63ffc6d6ed5c201be6e44", size = 27697, upload-time = "2022-10-25T02:36:22.414Z" }
wheels = [
    { url = "https://files.pythonhosted.org/packages/d1/d6/3965ed04c63042e047cb6a3e6ed1a63a35087b6a609aa3a15ed8ac56c221/colorama-0.4.6-py2.py3-none-any.whl", hash = "sha256:4f1d9991f5acc0ca119f9d443620b77f9d6b33703e51011c16baf57afb285fc6", size = 25335, upload-time = "2022-10-25T02:36:20.889Z" },
]

[[package]]
name = "fsfe-website-build"
version = "0.0.0"
source = { editable = "." }
dependencies = [
    { name = "lxml" },
    { name = "nltk" },
    { name = "python-iso639" },
    { name = "requests" },
    { name = "tdewolff-minify" },
]

[package.dev-dependencies]
dev = [
    { name = "lefthook" },
    { name = "pytest" },
    { name = "ruff" },
    { name = "taplo" },
]

[package.metadata]
requires-dist = [
    { name = "lxml" },
    { name = "nltk" },
    { name = "python-iso639" },
    { name = "requests" },
    { name = "tdewolff-minify" },
]

[package.metadata.requires-dev]
dev = [
    { name = "lefthook" },
    { name = "pytest" },
    { name = "ruff" },
    { name = "taplo" },
]

[[package]]
name = "idna"
version = "3.10"
source = { registry = "https://pypi.org/simple" }
sdist = { url = "https://files.pythonhosted.org/packages/f1/70/7703c29685631f5a7590aa73f1f1d3fa9a380e654b86af429e0934a32f7d/idna-3.10.tar.gz", hash = "sha256:12f65c9b470abda6dc35cf8e63cc574b1c52b11df2c86030af0ac09b01b13ea9", size = 190490, upload-time = "2024-09-15T18:07:39.745Z" }
wheels = [
    { url = "https://files.pythonhosted.org/packages/76/c6/c88e154df9c4e1a2a66ccf0005a88dfb2650c1dffb6f5ce603dfbd452ce3/idna-3.10-py3-none-any.whl", hash = "sha256:946d195a0d259cbba61165e88e65941f16e9b36ea6ddb97f00452bae8b1287d3", size = 70442, upload-time = "2024-09-15T18:07:37.964Z" },
]

[[package]]
name = "iniconfig"
version = "2.1.0"
source = { registry = "https://pypi.org/simple" }
sdist = { url = "https://files.pythonhosted.org/packages/f2/97/ebf4da567aa6827c909642694d71c9fcf53e5b504f2d96afea02718862f3/iniconfig-2.1.0.tar.gz", hash = "sha256:3abbd2e30b36733fee78f9c7f7308f2d0050e88f0087fd25c2645f63c773e1c7", size = 4793, upload-time = "2025-03-19T20:09:59.721Z" }
wheels = [
    { url = "https://files.pythonhosted.org/packages/2c/e1/e6716421ea10d38022b952c159d5161ca1193197fb744506875fbb87ea7b/iniconfig-2.1.0-py3-none-any.whl", hash = "sha256:9deba5723312380e77435581c6bf4935c94cbfab9b1ed33ef8d238ea168eb760", size = 6050, upload-time = "2025-03-19T20:10:01.071Z" },
]

[[package]]
name = "joblib"
version = "1.5.2"
source = { registry = "https://pypi.org/simple" }
sdist = { url = "https://files.pythonhosted.org/packages/e8/5d/447af5ea094b9e4c4054f82e223ada074c552335b9b4b2d14bd9b35a67c4/joblib-1.5.2.tar.gz", hash = "sha256:3faa5c39054b2f03ca547da9b2f52fde67c06240c31853f306aea97f13647b55", size = 331077, upload-time = "2025-08-27T12:15:46.575Z" }
wheels = [
    { url = "https://files.pythonhosted.org/packages/1e/e8/685f47e0d754320684db4425a0967f7d3fa70126bffd76110b7009a0090f/joblib-1.5.2-py3-none-any.whl", hash = "sha256:4e1f0bdbb987e6d843c70cf43714cb276623def372df3c22fe5266b2670bc241", size = 308396, upload-time = "2025-08-27T12:15:45.188Z" },
]

[[package]]
name = "lefthook"
version = "1.12.3"
source = { registry = "https://pypi.org/simple" }
sdist = { url = "https://files.pythonhosted.org/packages/88/85/675be12efacd293e758deab158277872fe6083bfbce5c3ebd7625903ca44/lefthook-1.12.3.tar.gz", hash = "sha256:d352886fece033521c89fbc270328d9ac185bf9499c58d88fa3c6c766269773a", size = 51939794, upload-time = "2025-08-12T10:03:59.169Z" }
wheels = [
    { url = "https://files.pythonhosted.org/packages/b3/15/cd59026ce051ca331b8067e9222a71102745cd251742305866154f96e634/lefthook-1.12.3-py3-none-any.whl", hash = "sha256:f0ffd4338c361c192d4bbc1a540e41224d8a607d9accc0a7bd0c1ec6d6a7040e", size = 52188138, upload-time = "2025-08-12T10:03:55.48Z" },
]

[[package]]
name = "lxml"
version = "6.0.1"
source = { registry = "https://pypi.org/simple" }
sdist = { url = "https://files.pythonhosted.org/packages/8f/bd/f9d01fd4132d81c6f43ab01983caea69ec9614b913c290a26738431a015d/lxml-6.0.1.tar.gz", hash = "sha256:2b3a882ebf27dd026df3801a87cf49ff791336e0f94b0fad195db77e01240690", size = 4070214, upload-time = "2025-08-22T10:37:53.525Z" }
wheels = [
    { url = "https://files.pythonhosted.org/packages/43/c4/cd757eeec4548e6652eff50b944079d18ce5f8182d2b2cf514e125e8fbcb/lxml-6.0.1-cp313-cp313-macosx_10_13_universal2.whl", hash = "sha256:485eda5d81bb7358db96a83546949c5fe7474bec6c68ef3fa1fb61a584b00eea", size = 8405139, upload-time = "2025-08-22T10:33:34.09Z" },
    { url = "https://files.pythonhosted.org/packages/ff/99/0290bb86a7403893f5e9658490c705fcea103b9191f2039752b071b4ef07/lxml-6.0.1-cp313-cp313-macosx_10_13_x86_64.whl", hash = "sha256:d12160adea318ce3d118f0b4fbdff7d1225c75fb7749429541b4d217b85c3f76", size = 4585954, upload-time = "2025-08-22T10:33:36.294Z" },
    { url = "https://files.pythonhosted.org/packages/88/a7/4bb54dd1e626342a0f7df6ec6ca44fdd5d0e100ace53acc00e9a689ead04/lxml-6.0.1-cp313-cp313-manylinux2014_aarch64.manylinux_2_17_aarch64.whl", hash = "sha256:48c8d335d8ab72f9265e7ba598ae5105a8272437403f4032107dbcb96d3f0b29", size = 4944052, upload-time = "2025-08-22T10:33:38.19Z" },
    { url = "https://files.pythonhosted.org/packages/71/8d/20f51cd07a7cbef6214675a8a5c62b2559a36d9303fe511645108887c458/lxml-6.0.1-cp313-cp313-manylinux2014_x86_64.manylinux_2_17_x86_64.whl", hash = "sha256:405e7cf9dbdbb52722c231e0f1257214202dfa192327fab3de45fd62e0554082", size = 5098885, upload-time = "2025-08-22T10:33:40.035Z" },
    { url = "https://files.pythonhosted.org/packages/5a/63/efceeee7245d45f97d548e48132258a36244d3c13c6e3ddbd04db95ff496/lxml-6.0.1-cp313-cp313-manylinux_2_26_aarch64.manylinux_2_28_aarch64.whl", hash = "sha256:299a790d403335a6a057ade46f92612ebab87b223e4e8c5308059f2dc36f45ed", size = 5017542, upload-time = "2025-08-22T10:33:41.896Z" },
    { url = "https://files.pythonhosted.org/packages/57/5d/92cb3d3499f5caba17f7933e6be3b6c7de767b715081863337ced42eb5f2/lxml-6.0.1-cp313-cp313-manylinux_2_26_i686.manylinux_2_28_i686.whl", hash = "sha256:48da704672f6f9c461e9a73250440c647638cc6ff9567ead4c3b1f189a604ee8", size = 5347303, upload-time = "2025-08-22T10:33:43.868Z" },
    { url = "https://files.pythonhosted.org/packages/69/f8/606fa16a05d7ef5e916c6481c634f40870db605caffed9d08b1a4fb6b989/lxml-6.0.1-cp313-cp313-manylinux_2_26_ppc64le.manylinux_2_28_ppc64le.whl", hash = "sha256:21e364e1bb731489e3f4d51db416f991a5d5da5d88184728d80ecfb0904b1d68", size = 5641055, upload-time = "2025-08-22T10:33:45.784Z" },
    { url = "https://files.pythonhosted.org/packages/b3/01/15d5fc74ebb49eac4e5df031fbc50713dcc081f4e0068ed963a510b7d457/lxml-6.0.1-cp313-cp313-manylinux_2_26_x86_64.manylinux_2_28_x86_64.whl", hash = "sha256:1bce45a2c32032afddbd84ed8ab092130649acb935536ef7a9559636ce7ffd4a", size = 5242719, upload-time = "2025-08-22T10:33:48.089Z" },
    { url = "https://files.pythonhosted.org/packages/42/a5/1b85e2aaaf8deaa67e04c33bddb41f8e73d07a077bf9db677cec7128bfb4/lxml-6.0.1-cp313-cp313-manylinux_2_31_armv7l.whl", hash = "sha256:fa164387ff20ab0e575fa909b11b92ff1481e6876835014e70280769920c4433", size = 4717310, upload-time = "2025-08-22T10:33:49.852Z" },
    { url = "https://files.pythonhosted.org/packages/42/23/f3bb1292f55a725814317172eeb296615db3becac8f1a059b53c51fc1da8/lxml-6.0.1-cp313-cp313-manylinux_2_38_riscv64.manylinux_2_39_riscv64.whl", hash = "sha256:7587ac5e000e1594e62278422c5783b34a82b22f27688b1074d71376424b73e8", size = 5254024, upload-time = "2025-08-22T10:33:52.22Z" },
    { url = "https://files.pythonhosted.org/packages/b4/be/4d768f581ccd0386d424bac615d9002d805df7cc8482ae07d529f60a3c1e/lxml-6.0.1-cp313-cp313-musllinux_1_2_aarch64.whl", hash = "sha256:57478424ac4c9170eabf540237125e8d30fad1940648924c058e7bc9fb9cf6dd", size = 5055335, upload-time = "2025-08-22T10:33:54.041Z" },
    { url = "https://files.pythonhosted.org/packages/40/07/ed61d1a3e77d1a9f856c4fab15ee5c09a2853fb7af13b866bb469a3a6d42/lxml-6.0.1-cp313-cp313-musllinux_1_2_armv7l.whl", hash = "sha256:09c74afc7786c10dd6afaa0be2e4805866beadc18f1d843cf517a7851151b499", size = 4784864, upload-time = "2025-08-22T10:33:56.382Z" },
    { url = "https://files.pythonhosted.org/packages/01/37/77e7971212e5c38a55431744f79dff27fd751771775165caea096d055ca4/lxml-6.0.1-cp313-cp313-musllinux_1_2_ppc64le.whl", hash = "sha256:7fd70681aeed83b196482d42a9b0dc5b13bab55668d09ad75ed26dff3be5a2f5", size = 5657173, upload-time = "2025-08-22T10:33:58.698Z" },
    { url = "https://files.pythonhosted.org/packages/32/a3/e98806d483941cd9061cc838b1169626acef7b2807261fbe5e382fcef881/lxml-6.0.1-cp313-cp313-musllinux_1_2_riscv64.whl", hash = "sha256:10a72e456319b030b3dd900df6b1f19d89adf06ebb688821636dc406788cf6ac", size = 5245896, upload-time = "2025-08-22T10:34:00.586Z" },
    { url = "https://files.pythonhosted.org/packages/07/de/9bb5a05e42e8623bf06b4638931ea8c8f5eb5a020fe31703abdbd2e83547/lxml-6.0.1-cp313-cp313-musllinux_1_2_x86_64.whl", hash = "sha256:b0fa45fb5f55111ce75b56c703843b36baaf65908f8b8d2fbbc0e249dbc127ed", size = 5267417, upload-time = "2025-08-22T10:34:02.719Z" },
    { url = "https://files.pythonhosted.org/packages/f2/43/c1cb2a7c67226266c463ef8a53b82d42607228beb763b5fbf4867e88a21f/lxml-6.0.1-cp313-cp313-win32.whl", hash = "sha256:01dab65641201e00c69338c9c2b8a0f2f484b6b3a22d10779bb417599fae32b5", size = 3610051, upload-time = "2025-08-22T10:34:04.553Z" },
    { url = "https://files.pythonhosted.org/packages/34/96/6a6c3b8aa480639c1a0b9b6faf2a63fb73ab79ffcd2a91cf28745faa22de/lxml-6.0.1-cp313-cp313-win_amd64.whl", hash = "sha256:bdf8f7c8502552d7bff9e4c98971910a0a59f60f88b5048f608d0a1a75e94d1c", size = 4009325, upload-time = "2025-08-22T10:34:06.24Z" },
    { url = "https://files.pythonhosted.org/packages/8c/66/622e8515121e1fd773e3738dae71b8df14b12006d9fb554ce90886689fd0/lxml-6.0.1-cp313-cp313-win_arm64.whl", hash = "sha256:a6aeca75959426b9fd8d4782c28723ba224fe07cfa9f26a141004210528dcbe2", size = 3670443, upload-time = "2025-08-22T10:34:07.974Z" },
]

[[package]]
name = "nltk"
version = "3.9.1"
source = { registry = "https://pypi.org/simple" }
dependencies = [
    { name = "click" },
    { name = "joblib" },
    { name = "regex" },
    { name = "tqdm" },
]
sdist = { url = "https://files.pythonhosted.org/packages/3c/87/db8be88ad32c2d042420b6fd9ffd4a149f9a0d7f0e86b3f543be2eeeedd2/nltk-3.9.1.tar.gz", hash = "sha256:87d127bd3de4bd89a4f81265e5fa59cb1b199b27440175370f7417d2bc7ae868", size = 2904691, upload-time = "2024-08-18T19:48:37.769Z" }
wheels = [
    { url = "https://files.pythonhosted.org/packages/4d/66/7d9e26593edda06e8cb531874633f7c2372279c3b0f46235539fe546df8b/nltk-3.9.1-py3-none-any.whl", hash = "sha256:4fa26829c5b00715afe3061398a8989dc643b92ce7dd93fb4585a70930d168a1", size = 1505442, upload-time = "2024-08-18T19:48:21.909Z" },
]

[[package]]
name = "packaging"
version = "25.0"
source = { registry = "https://pypi.org/simple" }
sdist = { url = "https://files.pythonhosted.org/packages/a1/d4/1fc4078c65507b51b96ca8f8c3ba19e6a61c8253c72794544580a7b6c24d/packaging-25.0.tar.gz", hash = "sha256:d443872c98d677bf60f6a1f2f8c1cb748e8fe762d2bf9d3148b5599295b0fc4f", size = 165727, upload-time = "2025-04-19T11:48:59.673Z" }
wheels = [
    { url = "https://files.pythonhosted.org/packages/20/12/38679034af332785aac8774540895e234f4d07f7545804097de4b666afd8/packaging-25.0-py3-none-any.whl", hash = "sha256:29572ef2b1f17581046b3a2227d5c611fb25ec70ca1ba8554b24b0e69331a484", size = 66469, upload-time = "2025-04-19T11:48:57.875Z" },
]

[[package]]
name = "pluggy"
version = "1.6.0"
source = { registry = "https://pypi.org/simple" }
sdist = { url = "https://files.pythonhosted.org/packages/f9/e2/3e91f31a7d2b083fe6ef3fa267035b518369d9511ffab804f839851d2779/pluggy-1.6.0.tar.gz", hash = "sha256:7dcc130b76258d33b90f61b658791dede3486c3e6bfb003ee5c9bfb396dd22f3", size = 69412, upload-time = "2025-05-15T12:30:07.975Z" }
wheels = [
    { url = "https://files.pythonhosted.org/packages/54/20/4d324d65cc6d9205fabedc306948156824eb9f0ee1633355a8f7ec5c66bf/pluggy-1.6.0-py3-none-any.whl", hash = "sha256:e920276dd6813095e9377c0bc5566d94c932c33b27a3e3945d8389c374dd4746", size = 20538, upload-time = "2025-05-15T12:30:06.134Z" },
]

[[package]]
name = "pycparser"
version = "2.22"
source = { registry = "https://pypi.org/simple" }
sdist = { url = "https://files.pythonhosted.org/packages/1d/b2/31537cf4b1ca988837256c910a668b553fceb8f069bedc4b1c826024b52c/pycparser-2.22.tar.gz", hash = "sha256:491c8be9c040f5390f5bf44a5b07752bd07f56edf992381b05c701439eec10f6", size = 172736, upload-time = "2024-03-30T13:22:22.564Z" }
wheels = [
    { url = "https://files.pythonhosted.org/packages/13/a3/a812df4e2dd5696d1f351d58b8fe16a405b234ad2886a0dab9183fb78109/pycparser-2.22-py3-none-any.whl", hash = "sha256:c3702b6d3dd8c7abc1afa565d7e63d53a1d0bd86cdc24edd75470f4de499cfcc", size = 117552, upload-time = "2024-03-30T13:22:20.476Z" },
]

[[package]]
name = "pygments"
version = "2.19.2"
source = { registry = "https://pypi.org/simple" }
sdist = { url = "https://files.pythonhosted.org/packages/b0/77/a5b8c569bf593b0140bde72ea885a803b82086995367bf2037de0159d924/pygments-2.19.2.tar.gz", hash = "sha256:636cb2477cec7f8952536970bc533bc43743542f70392ae026374600add5b887", size = 4968631, upload-time = "2025-06-21T13:39:12.283Z" }
wheels = [
    { url = "https://files.pythonhosted.org/packages/c7/21/705964c7812476f378728bdf590ca4b771ec72385c533964653c68e86bdc/pygments-2.19.2-py3-none-any.whl", hash = "sha256:86540386c03d588bb81d44bc3928634ff26449851e99741617ecb9037ee5ec0b", size = 1225217, upload-time = "2025-06-21T13:39:07.939Z" },
]

[[package]]
name = "pytest"
version = "8.4.1"
source = { registry = "https://pypi.org/simple" }
dependencies = [
    { name = "colorama", marker = "sys_platform == 'win32'" },
    { name = "iniconfig" },
    { name = "packaging" },
    { name = "pluggy" },
    { name = "pygments" },
]
sdist = { url = "https://files.pythonhosted.org/packages/08/ba/45911d754e8eba3d5a841a5ce61a65a685ff1798421ac054f85aa8747dfb/pytest-8.4.1.tar.gz", hash = "sha256:7c67fd69174877359ed9371ec3af8a3d2b04741818c51e5e99cc1742251fa93c", size = 1517714, upload-time = "2025-06-18T05:48:06.109Z" }
wheels = [
    { url = "https://files.pythonhosted.org/packages/29/16/c8a903f4c4dffe7a12843191437d7cd8e32751d5de349d45d3fe69544e87/pytest-8.4.1-py3-none-any.whl", hash = "sha256:539c70ba6fcead8e78eebbf1115e8b589e7565830d7d006a8723f19ac8a0afb7", size = 365474, upload-time = "2025-06-18T05:48:03.955Z" },
]

[[package]]
name = "python-iso639"
version = "2025.2.18"
source = { registry = "https://pypi.org/simple" }
sdist = { url = "https://files.pythonhosted.org/packages/d5/19/45aa1917c7b1f4eb71104795b9b0cbf97169b99ec46cd303445883536549/python_iso639-2025.2.18.tar.gz", hash = "sha256:34e31e8e76eb3fc839629e257b12bcfd957c6edcbd486bbf66ba5185d1f566e8", size = 173552, upload-time = "2025-02-18T13:48:08.607Z" }
wheels = [
    { url = "https://files.pythonhosted.org/packages/54/a3/3ceaf89a17a1e1d5e7bbdfe5514aa3055d91285b37a5c8fed662969e3d56/python_iso639-2025.2.18-py3-none-any.whl", hash = "sha256:b2d471c37483a26f19248458b20e7bd96492e15368b01053b540126bcc23152f", size = 167631, upload-time = "2025-02-18T13:48:06.602Z" },
]

[[package]]
name = "regex"
version = "2025.7.34"
source = { registry = "https://pypi.org/simple" }
sdist = { url = "https://files.pythonhosted.org/packages/0b/de/e13fa6dc61d78b30ba47481f99933a3b49a57779d625c392d8036770a60d/regex-2025.7.34.tar.gz", hash = "sha256:9ead9765217afd04a86822dfcd4ed2747dfe426e887da413b15ff0ac2457e21a", size = 400714, upload-time = "2025-07-31T00:21:16.262Z" }
wheels = [
    { url = "https://files.pythonhosted.org/packages/15/16/b709b2119975035169a25aa8e4940ca177b1a2e25e14f8d996d09130368e/regex-2025.7.34-cp313-cp313-macosx_10_13_universal2.whl", hash = "sha256:c3c9740a77aeef3f5e3aaab92403946a8d34437db930a0280e7e81ddcada61f5", size = 485334, upload-time = "2025-07-31T00:19:56.58Z" },
    { url = "https://files.pythonhosted.org/packages/94/a6/c09136046be0595f0331bc58a0e5f89c2d324cf734e0b0ec53cf4b12a636/regex-2025.7.34-cp313-cp313-macosx_10_13_x86_64.whl", hash = "sha256:69ed3bc611540f2ea70a4080f853741ec698be556b1df404599f8724690edbcd", size = 289942, upload-time = "2025-07-31T00:19:57.943Z" },
    { url = "https://files.pythonhosted.org/packages/36/91/08fc0fd0f40bdfb0e0df4134ee37cfb16e66a1044ac56d36911fd01c69d2/regex-2025.7.34-cp313-cp313-macosx_11_0_arm64.whl", hash = "sha256:d03c6f9dcd562c56527c42b8530aad93193e0b3254a588be1f2ed378cdfdea1b", size = 285991, upload-time = "2025-07-31T00:19:59.837Z" },
    { url = "https://files.pythonhosted.org/packages/be/2f/99dc8f6f756606f0c214d14c7b6c17270b6bbe26d5c1f05cde9dbb1c551f/regex-2025.7.34-cp313-cp313-manylinux2014_aarch64.manylinux_2_17_aarch64.manylinux_2_28_aarch64.whl", hash = "sha256:6164b1d99dee1dfad33f301f174d8139d4368a9fb50bf0a3603b2eaf579963ad", size = 797415, upload-time = "2025-07-31T00:20:01.668Z" },
    { url = "https://files.pythonhosted.org/packages/62/cf/2fcdca1110495458ba4e95c52ce73b361cf1cafd8a53b5c31542cde9a15b/regex-2025.7.34-cp313-cp313-manylinux2014_ppc64le.manylinux_2_17_ppc64le.manylinux_2_28_ppc64le.whl", hash = "sha256:1e4f4f62599b8142362f164ce776f19d79bdd21273e86920a7b604a4275b4f59", size = 862487, upload-time = "2025-07-31T00:20:03.142Z" },
    { url = "https://files.pythonhosted.org/packages/90/38/899105dd27fed394e3fae45607c1983e138273ec167e47882fc401f112b9/regex-2025.7.34-cp313-cp313-manylinux2014_s390x.manylinux_2_17_s390x.manylinux_2_28_s390x.whl", hash = "sha256:72a26dcc6a59c057b292f39d41465d8233a10fd69121fa24f8f43ec6294e5415", size = 910717, upload-time = "2025-07-31T00:20:04.727Z" },
    { url = "https://files.pythonhosted.org/packages/ee/f6/4716198dbd0bcc9c45625ac4c81a435d1c4d8ad662e8576dac06bab35b17/regex-2025.7.34-cp313-cp313-manylinux2014_x86_64.manylinux_2_17_x86_64.manylinux_2_28_x86_64.whl", hash = "sha256:d5273fddf7a3e602695c92716c420c377599ed3c853ea669c1fe26218867002f", size = 801943, upload-time = "2025-07-31T00:20:07.1Z" },
    { url = "https://files.pythonhosted.org/packages/40/5d/cff8896d27e4e3dd11dd72ac78797c7987eb50fe4debc2c0f2f1682eb06d/regex-2025.7.34-cp313-cp313-musllinux_1_2_aarch64.whl", hash = "sha256:c1844be23cd40135b3a5a4dd298e1e0c0cb36757364dd6cdc6025770363e06c1", size = 786664, upload-time = "2025-07-31T00:20:08.818Z" },
    { url = "https://files.pythonhosted.org/packages/10/29/758bf83cf7b4c34f07ac3423ea03cee3eb3176941641e4ccc05620f6c0b8/regex-2025.7.34-cp313-cp313-musllinux_1_2_ppc64le.whl", hash = "sha256:dde35e2afbbe2272f8abee3b9fe6772d9b5a07d82607b5788e8508974059925c", size = 856457, upload-time = "2025-07-31T00:20:10.328Z" },
    { url = "https://files.pythonhosted.org/packages/d7/30/c19d212b619963c5b460bfed0ea69a092c6a43cba52a973d46c27b3e2975/regex-2025.7.34-cp313-cp313-musllinux_1_2_s390x.whl", hash = "sha256:f3f6e8e7af516a7549412ce57613e859c3be27d55341a894aacaa11703a4c31a", size = 849008, upload-time = "2025-07-31T00:20:11.823Z" },
    { url = "https://files.pythonhosted.org/packages/9e/b8/3c35da3b12c87e3cc00010ef6c3a4ae787cff0bc381aa3d251def219969a/regex-2025.7.34-cp313-cp313-musllinux_1_2_x86_64.whl", hash = "sha256:469142fb94a869beb25b5f18ea87646d21def10fbacb0bcb749224f3509476f0", size = 788101, upload-time = "2025-07-31T00:20:13.729Z" },
    { url = "https://files.pythonhosted.org/packages/47/80/2f46677c0b3c2b723b2c358d19f9346e714113865da0f5f736ca1a883bde/regex-2025.7.34-cp313-cp313-win32.whl", hash = "sha256:da7507d083ee33ccea1310447410c27ca11fb9ef18c95899ca57ff60a7e4d8f1", size = 264401, upload-time = "2025-07-31T00:20:15.233Z" },
    { url = "https://files.pythonhosted.org/packages/be/fa/917d64dd074682606a003cba33585c28138c77d848ef72fc77cbb1183849/regex-2025.7.34-cp313-cp313-win_amd64.whl", hash = "sha256:9d644de5520441e5f7e2db63aec2748948cc39ed4d7a87fd5db578ea4043d997", size = 275368, upload-time = "2025-07-31T00:20:16.711Z" },
    { url = "https://files.pythonhosted.org/packages/65/cd/f94383666704170a2154a5df7b16be28f0c27a266bffcd843e58bc84120f/regex-2025.7.34-cp313-cp313-win_arm64.whl", hash = "sha256:7bf1c5503a9f2cbd2f52d7e260acb3131b07b6273c470abb78568174fe6bde3f", size = 268482, upload-time = "2025-07-31T00:20:18.189Z" },
]

[[package]]
name = "requests"
version = "2.32.5"
source = { registry = "https://pypi.org/simple" }
dependencies = [
    { name = "certifi" },
    { name = "charset-normalizer" },
    { name = "idna" },
    { name = "urllib3" },
]
sdist = { url = "https://files.pythonhosted.org/packages/c9/74/b3ff8e6c8446842c3f5c837e9c3dfcfe2018ea6ecef224c710c85ef728f4/requests-2.32.5.tar.gz", hash = "sha256:dbba0bac56e100853db0ea71b82b4dfd5fe2bf6d3754a8893c3af500cec7d7cf", size = 134517, upload-time = "2025-08-18T20:46:02.573Z" }
wheels = [
    { url = "https://files.pythonhosted.org/packages/1e/db/4254e3eabe8020b458f1a747140d32277ec7a271daf1d235b70dc0b4e6e3/requests-2.32.5-py3-none-any.whl", hash = "sha256:2462f94637a34fd532264295e186976db0f5d453d1cdd31473c85a6a161affb6", size = 64738, upload-time = "2025-08-18T20:46:00.542Z" },
]

[[package]]
name = "ruff"
version = "0.12.11"
source = { registry = "https://pypi.org/simple" }
sdist = { url = "https://files.pythonhosted.org/packages/de/55/16ab6a7d88d93001e1ae4c34cbdcfb376652d761799459ff27c1dc20f6fa/ruff-0.12.11.tar.gz", hash = "sha256:c6b09ae8426a65bbee5425b9d0b82796dbb07cb1af045743c79bfb163001165d", size = 5347103, upload-time = "2025-08-28T13:59:08.87Z" }
wheels = [
    { url = "https://files.pythonhosted.org/packages/d6/a2/3b3573e474de39a7a475f3fbaf36a25600bfeb238e1a90392799163b64a0/ruff-0.12.11-py3-none-linux_armv6l.whl", hash = "sha256:93fce71e1cac3a8bf9200e63a38ac5c078f3b6baebffb74ba5274fb2ab276065", size = 11979885, upload-time = "2025-08-28T13:58:26.654Z" },
    { url = "https://files.pythonhosted.org/packages/76/e4/235ad6d1785a2012d3ded2350fd9bc5c5af8c6f56820e696b0118dfe7d24/ruff-0.12.11-py3-none-macosx_10_12_x86_64.whl", hash = "sha256:b8e33ac7b28c772440afa80cebb972ffd823621ded90404f29e5ab6d1e2d4b93", size = 12742364, upload-time = "2025-08-28T13:58:30.256Z" },
    { url = "https://files.pythonhosted.org/packages/2c/0d/15b72c5fe6b1e402a543aa9d8960e0a7e19dfb079f5b0b424db48b7febab/ruff-0.12.11-py3-none-macosx_11_0_arm64.whl", hash = "sha256:d69fb9d4937aa19adb2e9f058bc4fbfe986c2040acb1a4a9747734834eaa0bfd", size = 11920111, upload-time = "2025-08-28T13:58:33.677Z" },
    { url = "https://files.pythonhosted.org/packages/3e/c0/f66339d7893798ad3e17fa5a1e587d6fd9806f7c1c062b63f8b09dda6702/ruff-0.12.11-py3-none-manylinux_2_17_aarch64.manylinux2014_aarch64.whl", hash = "sha256:411954eca8464595077a93e580e2918d0a01a19317af0a72132283e28ae21bee", size = 12160060, upload-time = "2025-08-28T13:58:35.74Z" },
    { url = "https://files.pythonhosted.org/packages/03/69/9870368326db26f20c946205fb2d0008988aea552dbaec35fbacbb46efaa/ruff-0.12.11-py3-none-manylinux_2_17_armv7l.manylinux2014_armv7l.whl", hash = "sha256:6a2c0a2e1a450f387bf2c6237c727dd22191ae8c00e448e0672d624b2bbd7fb0", size = 11799848, upload-time = "2025-08-28T13:58:38.051Z" },
    { url = "https://files.pythonhosted.org/packages/25/8c/dd2c7f990e9b3a8a55eee09d4e675027d31727ce33cdb29eab32d025bdc9/ruff-0.12.11-py3-none-manylinux_2_17_i686.manylinux2014_i686.whl", hash = "sha256:8ca4c3a7f937725fd2413c0e884b5248a19369ab9bdd850b5781348ba283f644", size = 13536288, upload-time = "2025-08-28T13:58:40.046Z" },
    { url = "https://files.pythonhosted.org/packages/7a/30/d5496fa09aba59b5e01ea76775a4c8897b13055884f56f1c35a4194c2297/ruff-0.12.11-py3-none-manylinux_2_17_ppc64.manylinux2014_ppc64.whl", hash = "sha256:4d1df0098124006f6a66ecf3581a7f7e754c4df7644b2e6704cd7ca80ff95211", size = 14490633, upload-time = "2025-08-28T13:58:42.285Z" },
    { url = "https://files.pythonhosted.org/packages/9b/2f/81f998180ad53445d403c386549d6946d0748e536d58fce5b5e173511183/ruff-0.12.11-py3-none-manylinux_2_17_ppc64le.manylinux2014_ppc64le.whl", hash = "sha256:5a8dd5f230efc99a24ace3b77e3555d3fbc0343aeed3fc84c8d89e75ab2ff793", size = 13888430, upload-time = "2025-08-28T13:58:44.641Z" },
    { url = "https://files.pythonhosted.org/packages/87/71/23a0d1d5892a377478c61dbbcffe82a3476b050f38b5162171942a029ef3/ruff-0.12.11-py3-none-manylinux_2_17_s390x.manylinux2014_s390x.whl", hash = "sha256:4dc75533039d0ed04cd33fb8ca9ac9620b99672fe7ff1533b6402206901c34ee", size = 12913133, upload-time = "2025-08-28T13:58:47.039Z" },
    { url = "https://files.pythonhosted.org/packages/80/22/3c6cef96627f89b344c933781ed38329bfb87737aa438f15da95907cbfd5/ruff-0.12.11-py3-none-manylinux_2_17_x86_64.manylinux2014_x86_64.whl", hash = "sha256:4fc58f9266d62c6eccc75261a665f26b4ef64840887fc6cbc552ce5b29f96cc8", size = 13169082, upload-time = "2025-08-28T13:58:49.157Z" },
    { url = "https://files.pythonhosted.org/packages/05/b5/68b3ff96160d8b49e8dd10785ff3186be18fd650d356036a3770386e6c7f/ruff-0.12.11-py3-none-manylinux_2_31_riscv64.whl", hash = "sha256:5a0113bd6eafd545146440225fe60b4e9489f59eb5f5f107acd715ba5f0b3d2f", size = 13139490, upload-time = "2025-08-28T13:58:51.593Z" },
    { url = "https://files.pythonhosted.org/packages/59/b9/050a3278ecd558f74f7ee016fbdf10591d50119df8d5f5da45a22c6afafc/ruff-0.12.11-py3-none-musllinux_1_2_aarch64.whl", hash = "sha256:0d737b4059d66295c3ea5720e6efc152623bb83fde5444209b69cd33a53e2000", size = 11958928, upload-time = "2025-08-28T13:58:53.943Z" },
    { url = "https://files.pythonhosted.org/packages/f9/bc/93be37347db854806904a43b0493af8d6873472dfb4b4b8cbb27786eb651/ruff-0.12.11-py3-none-musllinux_1_2_armv7l.whl", hash = "sha256:916fc5defee32dbc1fc1650b576a8fed68f5e8256e2180d4d9855aea43d6aab2", size = 11764513, upload-time = "2025-08-28T13:58:55.976Z" },
    { url = "https://files.pythonhosted.org/packages/7a/a1/1471751e2015a81fd8e166cd311456c11df74c7e8769d4aabfbc7584c7ac/ruff-0.12.11-py3-none-musllinux_1_2_i686.whl", hash = "sha256:c984f07d7adb42d3ded5be894fb4007f30f82c87559438b4879fe7aa08c62b39", size = 12745154, upload-time = "2025-08-28T13:58:58.16Z" },
    { url = "https://files.pythonhosted.org/packages/68/ab/2542b14890d0f4872dd81b7b2a6aed3ac1786fae1ce9b17e11e6df9e31e3/ruff-0.12.11-py3-none-musllinux_1_2_x86_64.whl", hash = "sha256:e07fbb89f2e9249f219d88331c833860489b49cdf4b032b8e4432e9b13e8a4b9", size = 13227653, upload-time = "2025-08-28T13:59:00.276Z" },
    { url = "https://files.pythonhosted.org/packages/22/16/2fbfc61047dbfd009c58a28369a693a1484ad15441723be1cd7fe69bb679/ruff-0.12.11-py3-none-win32.whl", hash = "sha256:c792e8f597c9c756e9bcd4d87cf407a00b60af77078c96f7b6366ea2ce9ba9d3", size = 11944270, upload-time = "2025-08-28T13:59:02.347Z" },
    { url = "https://files.pythonhosted.org/packages/08/a5/34276984705bfe069cd383101c45077ee029c3fe3b28225bf67aa35f0647/ruff-0.12.11-py3-none-win_amd64.whl", hash = "sha256:a3283325960307915b6deb3576b96919ee89432ebd9c48771ca12ee8afe4a0fd", size = 13046600, upload-time = "2025-08-28T13:59:04.751Z" },
    { url = "https://files.pythonhosted.org/packages/84/a8/001d4a7c2b37623a3fd7463208267fb906df40ff31db496157549cfd6e72/ruff-0.12.11-py3-none-win_arm64.whl", hash = "sha256:bae4d6e6a2676f8fb0f98b74594a048bae1b944aab17e9f5d504062303c6dbea", size = 12135290, upload-time = "2025-08-28T13:59:06.933Z" },
]

[[package]]
name = "taplo"
version = "0.9.3"
source = { registry = "https://pypi.org/simple" }
sdist = { url = "https://files.pythonhosted.org/packages/71/79/513513960377e1212a28446acb323cf77dfce162e825a822f035b02a422d/taplo-0.9.3.tar.gz", hash = "sha256:6b73b45b9adbd20189d8981ac9055d5465227c58bbe1b0646a7588a1a5c07a1a", size = 102556, upload-time = "2024-08-19T10:22:15.005Z" }
wheels = [
    { url = "https://files.pythonhosted.org/packages/61/42/a93c18ebb7cf3ee2a7a30dd2fda654aca458956c3b64bdfb9d82b2c42679/taplo-0.9.3-py3-none-macosx_10_12_x86_64.whl", hash = "sha256:1c3db689406d538420c64aa779ac8694cf44c13a46e158d6df406de65980b9c7", size = 4248497, upload-time = "2024-08-19T10:21:59.954Z" },
    { url = "https://files.pythonhosted.org/packages/82/d2/f5b6e4a4f474f9fe613b5b91012520c3f62e46748a6ce9fd61fc2fb52fa2/taplo-0.9.3-py3-none-macosx_11_0_arm64.whl", hash = "sha256:1e7782f33f97e7aa658d18788748bce5cf3ce440eeb419cf5861cf542740e610", size = 4044421, upload-time = "2024-08-19T10:22:03.06Z" },
    { url = "https://files.pythonhosted.org/packages/7d/32/4ac46ff15bb9d060f50ad31fb3a80aa8ee1e6ca500104ca8569f6fbdee3d/taplo-0.9.3-py3-none-manylinux_2_17_i686.manylinux2014_i686.whl", hash = "sha256:29d4d7abfcc10bd536e5a43fe6ec2c1931507c1433e79df03ea22e1030611cb6", size = 4334420, upload-time = "2024-08-19T10:22:05.68Z" },
    { url = "https://files.pythonhosted.org/packages/ef/cc/656aed22a59cf4c50dcaaa66aaa570d4a1412acdd8ea429120a6bb00f336/taplo-0.9.3-py3-none-manylinux_2_17_x86_64.manylinux2014_x86_64.whl", hash = "sha256:33f12648f273478d7330cb3529c82f48f388501e1122e0bea78bce5ff5972b8b", size = 4468935, upload-time = "2024-08-19T10:22:08.106Z" },
    { url = "https://files.pythonhosted.org/packages/21/15/d8db1db6382b444122fa1a66fe5fe0dd5b04bfbe68c74bdb5345aec11eb2/taplo-0.9.3-py3-none-win32.whl", hash = "sha256:9ab7df76a3facc6d0dd2fe2dae3e8eb52fa458d31d27878d5eac14f5cbc0abac", size = 3482612, upload-time = "2024-08-19T10:22:10.904Z" },
    { url = "https://files.pythonhosted.org/packages/42/3c/df6641d7e2e84a6dd4de3b3a4426db7f6a7270c05bbdeadd523645c9c45f/taplo-0.9.3-py3-none-win_amd64.whl", hash = "sha256:7d80b630b93fb43cee99d1e1ee07b616236dc5615efaf7cd51074b4cffc33bab", size = 3985843, upload-time = "2024-08-19T10:22:13.446Z" },
]

[[package]]
name = "tdewolff-minify"
version = "2.23.10"
source = { registry = "https://pypi.org/simple" }
dependencies = [
    { name = "cffi" },
]
sdist = { url = "https://files.pythonhosted.org/packages/3c/fc/fd0368c0bc2041b9267ddc6363759aad6b1f0bce13a44233cc8da46c501a/tdewolff_minify-2.23.10.tar.gz", hash = "sha256:b72c60b9deb7835093190658abbcdc5291bfbe9d98b994efd5d25002e701416b", size = 3708130, upload-time = "2025-07-22T13:48:19.073Z" }
wheels = [
    { url = "https://files.pythonhosted.org/packages/88/94/31e80662dd6259c9974d9c34147675e5aa011bb9c010e50881685d1081a0/tdewolff_minify-2.23.10-cp313-cp313-macosx_10_13_x86_64.whl", hash = "sha256:7cccd7b22b25dbda54231042b456f3c20c487d8facf1a25c31b1a840cac1c907", size = 2055360, upload-time = "2025-07-22T13:47:49.373Z" },
    { url = "https://files.pythonhosted.org/packages/d8/65/5d992217d0434a5b57119aca663cb90955c2f49692eced9b5822a2e3a97e/tdewolff_minify-2.23.10-cp313-cp313-manylinux1_x86_64.manylinux_2_28_x86_64.manylinux_2_5_x86_64.whl", hash = "sha256:66e1455129ddb646db437e3a0962f965181a19f51caa659059b2aba71874b58f", size = 3897123, upload-time = "2025-07-22T13:47:50.735Z" },
    { url = "https://files.pythonhosted.org/packages/ff/65/c47b8eb8823c419d30bd2faed4af20d21254f3ec41ac2dc2d2fc210859f9/tdewolff_minify-2.23.10-cp313-cp313-manylinux2014_aarch64.manylinux_2_17_aarch64.manylinux_2_28_aarch64.whl", hash = "sha256:4014f0ec0d81e5c5ef93c3e7b18dc80e98378eca2f609c181d31faabddeafc70", size = 3616119, upload-time = "2025-07-22T13:47:52.166Z" },
    { url = "https://files.pythonhosted.org/packages/38/e5/f0d3de60e70f7e3916f25de44bb9b2c5dd1f187bf1b8584fff0aa68410b6/tdewolff_minify-2.23.10-cp313-cp313-musllinux_1_2_aarch64.whl", hash = "sha256:cdbe5fc0d038d877db382483dbac9d4e00b73b865854c1d32983d16bd3c1bbac", size = 3432821, upload-time = "2025-07-22T13:47:53.896Z" },
    { url = "https://files.pythonhosted.org/packages/01/f3/b4a3caa3bbd3f82cee3fd3bc60ad4fbcf4b9d99f467efe4cc8d163c37c25/tdewolff_minify-2.23.10-cp313-cp313-musllinux_1_2_x86_64.whl", hash = "sha256:06aa0f217f5b05d034488965102fe80c5748d3f7ed95cfb543386c6285306f38", size = 3708341, upload-time = "2025-07-22T13:47:55.335Z" },
    { url = "https://files.pythonhosted.org/packages/bb/b7/0858beb048ce1b1e551b141240ad990b3d3d4c6e76ab9e47226253183349/tdewolff_minify-2.23.10-cp313-cp313-win_amd64.whl", hash = "sha256:9b5a15b8b72eea445fd00f0d3ea16b5b0f35806e1a05061f18ffcd7daab7506f", size = 3683671, upload-time = "2025-07-22T13:47:56.768Z" },
]

[[package]]
name = "tqdm"
version = "4.67.1"
source = { registry = "https://pypi.org/simple" }
dependencies = [
    { name = "colorama", marker = "sys_platform == 'win32'" },
]
sdist = { url = "https://files.pythonhosted.org/packages/a8/4b/29b4ef32e036bb34e4ab51796dd745cdba7ed47ad142a9f4a1eb8e0c744d/tqdm-4.67.1.tar.gz", hash = "sha256:f8aef9c52c08c13a65f30ea34f4e5aac3fd1a34959879d7e59e63027286627f2", size = 169737, upload-time = "2024-11-24T20:12:22.481Z" }
wheels = [
    { url = "https://files.pythonhosted.org/packages/d0/30/dc54f88dd4a2b5dc8a0279bdd7270e735851848b762aeb1c1184ed1f6b14/tqdm-4.67.1-py3-none-any.whl", hash = "sha256:26445eca388f82e72884e0d580d5464cd801a3ea01e63e5601bdff9ba6a48de2", size = 78540, upload-time = "2024-11-24T20:12:19.698Z" },
]

[[package]]
name = "urllib3"
version = "2.5.0"
source = { registry = "https://pypi.org/simple" }
sdist = { url = "https://files.pythonhosted.org/packages/15/22/9ee70a2574a4f4599c47dd506532914ce044817c7752a79b6a51286319bc/urllib3-2.5.0.tar.gz", hash = "sha256:3fc47733c7e419d4bc3f6b3dc2b4f890bb743906a30d56ba4a5bfa4bbff92760", size = 393185, upload-time = "2025-06-18T14:07:41.644Z" }
wheels = [
    { url = "https://files.pythonhosted.org/packages/a7/c2/fe1e52489ae3122415c51f387e221dd0773709bad6c6cdaa599e8a2c5185/urllib3-2.5.0-py3-none-any.whl", hash = "sha256:e6b01673c0fa6a13e374b50871808eb3bf7046c4b125b216f6bf1cc604cff0dc", size = 129795, upload-time = "2025-06-18T14:07:40.39Z" },
]
